// !$*UTF8*$!
{
	archiveVersion = 1;
	classes = {
	};
	objectVersion = 50;
	objects = {

/* Begin PBXBuildFile section */
		01851DC59840B02F6E036996 /* Pods_tvOS_demo.framework in Frameworks */ = {isa = PBXBuildFile; fileRef = 444E4028BA38B8DACFB31BAE /* Pods_tvOS_demo.framework */; };
		CB0B7212239F411600D90461 /* ViuPlayerTabbarAudioView.swift in Sources */ = {isa = PBXBuildFile; fileRef = CB0B7211239F411600D90461 /* ViuPlayerTabbarAudioView.swift */; };
		CB1FD06F2387968800A74369 /* ViuPlayerProgressView.swift in Sources */ = {isa = PBXBuildFile; fileRef = CB1FD06E2387968800A74369 /* ViuPlayerProgressView.swift */; };
		CB25CF8E23E9658E00770881 /* ViuPlayerDownloader.swift in Sources */ = {isa = PBXBuildFile; fileRef = CB25CF8D23E9658E00770881 /* ViuPlayerDownloader.swift */; };
		CB25CF9023E970C000770881 /* ViuPlayerCacheMedia.swift in Sources */ = {isa = PBXBuildFile; fileRef = CB25CF8F23E970C000770881 /* ViuPlayerCacheMedia.swift */; };
		CB25CF9223E9719700770881 /* ViuPlayerCacheMediaWorker.swift in Sources */ = {isa = PBXBuildFile; fileRef = CB25CF9123E9719700770881 /* ViuPlayerCacheMediaWorker.swift */; };
		CB25CF9423E9722E00770881 /* ViuPlayerCacheMediaConfiguration.swift in Sources */ = {isa = PBXBuildFile; fileRef = CB25CF9323E9722E00770881 /* ViuPlayerCacheMediaConfiguration.swift */; };
		CB25CF9623E9728100770881 /* ViuPlayerCacheManager.swift in Sources */ = {isa = PBXBuildFile; fileRef = CB25CF9523E9728100770881 /* ViuPlayerCacheManager.swift */; };
		CB25CF9823E9732800770881 /* ViuPlayerCacheAction.swift in Sources */ = {isa = PBXBuildFile; fileRef = CB25CF9723E9732800770881 /* ViuPlayerCacheAction.swift */; };
		CB25CF9A23E9736E00770881 /* ViuPlayerDownloadActionWorker.swift in Sources */ = {isa = PBXBuildFile; fileRef = CB25CF9923E9736E00770881 /* ViuPlayerDownloadActionWorker.swift */; };
		CB25CF9C23E973BC00770881 /* ViuPlayerDownloadURLSessionManager.swift in Sources */ = {isa = PBXBuildFile; fileRef = CB25CF9B23E973BC00770881 /* ViuPlayerDownloadURLSessionManager.swift */; };
		CB25CF9E23E97E7C00770881 /* ViuPlayerCacheSession.swift in Sources */ = {isa = PBXBuildFile; fileRef = CB25CF9D23E97E7C00770881 /* ViuPlayerCacheSession.swift */; };
		CB25CFA023E9803300770881 /* ViuPlayerResourceLoaderManager.swift in Sources */ = {isa = PBXBuildFile; fileRef = CB25CF9F23E9803300770881 /* ViuPlayerResourceLoaderManager.swift */; };
		CB25E53B23ACBE8D00C68D8E /* ViuRemoteGestureRecognizer.swift in Sources */ = {isa = PBXBuildFile; fileRef = CB25E53A23ACBE8D00C68D8E /* ViuRemoteGestureRecognizer.swift */; };
		CB28A30C23FD19FD006BECF0 /* PlayerViewController.swift in Sources */ = {isa = PBXBuildFile; fileRef = CB28A30B23FD19FD006BECF0 /* PlayerViewController.swift */; };
		CB28A30F23FD1AF1006BECF0 /* Player.swift in Sources */ = {isa = PBXBuildFile; fileRef = CB28A30E23FD1AF1006BECF0 /* Player.swift */; };
		CB28A31223FD6A60006BECF0 /* PlayerLayer.swift in Sources */ = {isa = PBXBuildFile; fileRef = CB28A31123FD6A60006BECF0 /* PlayerLayer.swift */; };
		CB28A31423FD6B5D006BECF0 /* PlayerView.swift in Sources */ = {isa = PBXBuildFile; fileRef = CB28A31323FD6B5D006BECF0 /* PlayerView.swift */; };
		CB28A31623FD6C67006BECF0 /* PlayerRenderingView.swift in Sources */ = {isa = PBXBuildFile; fileRef = CB28A31523FD6C67006BECF0 /* PlayerRenderingView.swift */; };
		CB28A31923FE3EC1006BECF0 /* PlayerControl.swift in Sources */ = {isa = PBXBuildFile; fileRef = CB28A31823FE3EC1006BECF0 /* PlayerControl.swift */; };
		CB28A31B23FE4DEB006BECF0 /* PlayerControlBehaviour.swift in Sources */ = {isa = PBXBuildFile; fileRef = CB28A31A23FE4DEB006BECF0 /* PlayerControlBehaviour.swift */; };
		CB3C0FB924178386007B8A85 /* ViuPanelViewController.swift in Sources */ = {isa = PBXBuildFile; fileRef = CB3C0FB824178386007B8A85 /* ViuPanelViewController.swift */; };
		CB3C0FBB241784D4007B8A85 /* ViuSlideDownAnimatedTransitioner.swift in Sources */ = {isa = PBXBuildFile; fileRef = CB3C0FBA241784D4007B8A85 /* ViuSlideDownAnimatedTransitioner.swift */; };
		CB3C0FBD24178A67007B8A85 /* ViuFocusTabbar.swift in Sources */ = {isa = PBXBuildFile; fileRef = CB3C0FBC24178A67007B8A85 /* ViuFocusTabbar.swift */; };
		CB43AD03233E0F4E0000A7F1 /* AppDelegate.swift in Sources */ = {isa = PBXBuildFile; fileRef = CB43AD02233E0F4E0000A7F1 /* AppDelegate.swift */; };
		CB43AD05233E0F4E0000A7F1 /* ViewController.swift in Sources */ = {isa = PBXBuildFile; fileRef = CB43AD04233E0F4E0000A7F1 /* ViewController.swift */; };
		CB43AD08233E0F4E0000A7F1 /* Main.storyboard in Resources */ = {isa = PBXBuildFile; fileRef = CB43AD06233E0F4E0000A7F1 /* Main.storyboard */; };
		CB43AD0A233E0F510000A7F1 /* Assets.xcassets in Resources */ = {isa = PBXBuildFile; fileRef = CB43AD09233E0F510000A7F1 /* Assets.xcassets */; };
		CB4651AE238B8B3400078AF1 /* ViuPlayerUtils.swift in Sources */ = {isa = PBXBuildFile; fileRef = CB4651A5238B8B3400078AF1 /* ViuPlayerUtils.swift */; };
		CB4651AF238B8B3400078AF1 /* ViuPlayer.swift in Sources */ = {isa = PBXBuildFile; fileRef = CB4651A6238B8B3400078AF1 /* ViuPlayer.swift */; };
		CB4651B0238B8B3400078AF1 /* ViuPlayerLoadingIndicator.swift in Sources */ = {isa = PBXBuildFile; fileRef = CB4651A7238B8B3400078AF1 /* ViuPlayerLoadingIndicator.swift */; };
		CB4651B1238B8B3400078AF1 /* ViuPlayerView.swift in Sources */ = {isa = PBXBuildFile; fileRef = CB4651A8238B8B3400078AF1 /* ViuPlayerView.swift */; };
		CB4651B2238B8B3400078AF1 /* ViuPlayer+Time.swift in Sources */ = {isa = PBXBuildFile; fileRef = CB4651A9238B8B3400078AF1 /* ViuPlayer+Time.swift */; };
		CB4651B4238B8B3400078AF1 /* ViuSubtitles.swift in Sources */ = {isa = PBXBuildFile; fileRef = CB4651AB238B8B3400078AF1 /* ViuSubtitles.swift */; };
		CB4651B5238B8B3400078AF1 /* ViiuPlayerError.swift in Sources */ = {isa = PBXBuildFile; fileRef = CB4651AC238B8B3400078AF1 /* ViiuPlayerError.swift */; };
		CB4651B9238BAA2B00078AF1 /* ViuPlayerSubtitlesView.swift in Sources */ = {isa = PBXBuildFile; fileRef = CB4651B8238BAA2B00078AF1 /* ViuPlayerSubtitlesView.swift */; };
		CB4CE960238FA4AD0046552E /* ViuPlayerViewController.swift in Sources */ = {isa = PBXBuildFile; fileRef = CB4CE95F238FA4AD0046552E /* ViuPlayerViewController.swift */; };
		CB70824123FB960F000B8C65 /* VPlayerViewController.swift in Sources */ = {isa = PBXBuildFile; fileRef = CB70824023FB960F000B8C65 /* VPlayerViewController.swift */; };
		CB70824423FB993B000B8C65 /* ViuGradientView.swift in Sources */ = {isa = PBXBuildFile; fileRef = CB70824323FB993B000B8C65 /* ViuGradientView.swift */; };
		CB70824623FB9CF3000B8C65 /* ViuProgressBar.swift in Sources */ = {isa = PBXBuildFile; fileRef = CB70824523FB9CF3000B8C65 /* ViuProgressBar.swift */; };
		CB70824923FBB957000B8C65 /* TouchGestureRecogniser.swift in Sources */ = {isa = PBXBuildFile; fileRef = CB70824823FBB957000B8C65 /* TouchGestureRecogniser.swift */; };
		CB70824B23FBB961000B8C65 /* LongPressGestureRecogniser.swift in Sources */ = {isa = PBXBuildFile; fileRef = CB70824A23FBB961000B8C65 /* LongPressGestureRecogniser.swift */; };
		CB70825423FBE7F9000B8C65 /* RemoteActionPositionController.swift in Sources */ = {isa = PBXBuildFile; fileRef = CB70825323FBE7F9000B8C65 /* RemoteActionPositionController.swift */; };
		CB70825623FBE828000B8C65 /* PositionController.swift in Sources */ = {isa = PBXBuildFile; fileRef = CB70825523FBE828000B8C65 /* PositionController.swift */; };
		CBA9AB772392AD9D00093F21 /* ViuThumbnail.swift in Sources */ = {isa = PBXBuildFile; fileRef = CBA9AB762392AD9D00093F21 /* ViuThumbnail.swift */; };
		CBAA940723D7EC9F00F8B671 /* ViuPlayerResourceLoader.swift in Sources */ = {isa = PBXBuildFile; fileRef = CBAA940623D7EC9F00F8B671 /* ViuPlayerResourceLoader.swift */; };
		CBAA940923D7ED6100F8B671 /* ViuPlayerResourceLoadingRequest.swift in Sources */ = {isa = PBXBuildFile; fileRef = CBAA940823D7ED6100F8B671 /* ViuPlayerResourceLoadingRequest.swift */; };
		CBF08596237ACF6300D685D1 /* ViuPlayerTabbarView.swift in Sources */ = {isa = PBXBuildFile; fileRef = CBF08595237ACF6300D685D1 /* ViuPlayerTabbarView.swift */; };
		CBF08598237ACFB500D685D1 /* ViuPlayerTabbarModel.swift in Sources */ = {isa = PBXBuildFile; fileRef = CBF08597237ACFB500D685D1 /* ViuPlayerTabbarModel.swift */; };
		CBF452AF237D5669003C70F3 /* UIColor+Extension.swift in Sources */ = {isa = PBXBuildFile; fileRef = CBF452AE237D5669003C70F3 /* UIColor+Extension.swift */; };
		CBF452B1237D674F003C70F3 /* ViuPlayerTabbarConfig.swift in Sources */ = {isa = PBXBuildFile; fileRef = CBF452B0237D674F003C70F3 /* ViuPlayerTabbarConfig.swift */; };
		CBF452B3237D8ED6003C70F3 /* ViuPlayerTabbarIntroductionView.swift in Sources */ = {isa = PBXBuildFile; fileRef = CBF452B2237D8ED6003C70F3 /* ViuPlayerTabbarIntroductionView.swift */; };
		CBF452B7237E9FE4003C70F3 /* ViuCustomLabel.swift in Sources */ = {isa = PBXBuildFile; fileRef = CBF452B6237E9FE4003C70F3 /* ViuCustomLabel.swift */; };
		CBF452B923811F76003C70F3 /* ViuPlayerTabbarSubtitleView.swift in Sources */ = {isa = PBXBuildFile; fileRef = CBF452B823811F76003C70F3 /* ViuPlayerTabbarSubtitleView.swift */; };
		CBF452BB238133F0003C70F3 /* ViuPlayerTabbarCustomView.swift in Sources */ = {isa = PBXBuildFile; fileRef = CBF452BA238133F0003C70F3 /* ViuPlayerTabbarCustomView.swift */; };
		CBFB8E01239A50F2007D1686 /* hubblecast.m4v in Resources */ = {isa = PBXBuildFile; fileRef = CBFB8DFD239A50F2007D1686 /* hubblecast.m4v */; };
		CBFB8E02239A50F2007D1686 /* apple_tv_app_universal_search_part_01_sd.mp4 in Resources */ = {isa = PBXBuildFile; fileRef = CBFB8DFE239A50F2007D1686 /* apple_tv_app_universal_search_part_01_sd.mp4 */; };
		CBFB8E03239A50F2007D1686 /* test.srt in Resources */ = {isa = PBXBuildFile; fileRef = CBFB8DFF239A50F2007D1686 /* test.srt */; };
		CBFB8E04239A50F2007D1686 /* Despacito Remix Luis Fonsi ft.Daddy Yankee Justin Bieber Lyrics [Spanish].srt in Resources */ = {isa = PBXBuildFile; fileRef = CBFB8E00239A50F2007D1686 /* Despacito Remix Luis Fonsi ft.Daddy Yankee Justin Bieber Lyrics [Spanish].srt */; };
		F2E002E423975D0B004370F6 /* ViuPlayerViewController+Gesture.swift in Sources */ = {isa = PBXBuildFile; fileRef = F2E002E323975D0B004370F6 /* ViuPlayerViewController+Gesture.swift */; };
		F2E002E62397B443004370F6 /* TimeInterval+Extension.swift in Sources */ = {isa = PBXBuildFile; fileRef = F2E002E52397B443004370F6 /* TimeInterval+Extension.swift */; };
/* End PBXBuildFile section */

/* Begin PBXFileReference section */
		00D7CD0CC39DF68E57E203F8 /* Pods-tvOS_demo.debug.xcconfig */ = {isa = PBXFileReference; includeInIndex = 1; lastKnownFileType = text.xcconfig; name = "Pods-tvOS_demo.debug.xcconfig"; path = "Target Support Files/Pods-tvOS_demo/Pods-tvOS_demo.debug.xcconfig"; sourceTree = "<group>"; };
		444E4028BA38B8DACFB31BAE /* Pods_tvOS_demo.framework */ = {isa = PBXFileReference; explicitFileType = wrapper.framework; includeInIndex = 0; path = Pods_tvOS_demo.framework; sourceTree = BUILT_PRODUCTS_DIR; };
		CB0B7211239F411600D90461 /* ViuPlayerTabbarAudioView.swift */ = {isa = PBXFileReference; lastKnownFileType = sourcecode.swift; path = ViuPlayerTabbarAudioView.swift; sourceTree = "<group>"; };
		CB1FD06E2387968800A74369 /* ViuPlayerProgressView.swift */ = {isa = PBXFileReference; lastKnownFileType = sourcecode.swift; path = ViuPlayerProgressView.swift; sourceTree = "<group>"; };
		CB25CF8D23E9658E00770881 /* ViuPlayerDownloader.swift */ = {isa = PBXFileReference; lastKnownFileType = sourcecode.swift; path = ViuPlayerDownloader.swift; sourceTree = "<group>"; };
		CB25CF8F23E970C000770881 /* ViuPlayerCacheMedia.swift */ = {isa = PBXFileReference; lastKnownFileType = sourcecode.swift; path = ViuPlayerCacheMedia.swift; sourceTree = "<group>"; };
		CB25CF9123E9719700770881 /* ViuPlayerCacheMediaWorker.swift */ = {isa = PBXFileReference; lastKnownFileType = sourcecode.swift; path = ViuPlayerCacheMediaWorker.swift; sourceTree = "<group>"; };
		CB25CF9323E9722E00770881 /* ViuPlayerCacheMediaConfiguration.swift */ = {isa = PBXFileReference; lastKnownFileType = sourcecode.swift; path = ViuPlayerCacheMediaConfiguration.swift; sourceTree = "<group>"; };
		CB25CF9523E9728100770881 /* ViuPlayerCacheManager.swift */ = {isa = PBXFileReference; lastKnownFileType = sourcecode.swift; path = ViuPlayerCacheManager.swift; sourceTree = "<group>"; };
		CB25CF9723E9732800770881 /* ViuPlayerCacheAction.swift */ = {isa = PBXFileReference; lastKnownFileType = sourcecode.swift; path = ViuPlayerCacheAction.swift; sourceTree = "<group>"; };
		CB25CF9923E9736E00770881 /* ViuPlayerDownloadActionWorker.swift */ = {isa = PBXFileReference; lastKnownFileType = sourcecode.swift; path = ViuPlayerDownloadActionWorker.swift; sourceTree = "<group>"; };
		CB25CF9B23E973BC00770881 /* ViuPlayerDownloadURLSessionManager.swift */ = {isa = PBXFileReference; lastKnownFileType = sourcecode.swift; path = ViuPlayerDownloadURLSessionManager.swift; sourceTree = "<group>"; };
		CB25CF9D23E97E7C00770881 /* ViuPlayerCacheSession.swift */ = {isa = PBXFileReference; lastKnownFileType = sourcecode.swift; path = ViuPlayerCacheSession.swift; sourceTree = "<group>"; };
		CB25CF9F23E9803300770881 /* ViuPlayerResourceLoaderManager.swift */ = {isa = PBXFileReference; lastKnownFileType = sourcecode.swift; path = ViuPlayerResourceLoaderManager.swift; sourceTree = "<group>"; };
		CB25E53A23ACBE8D00C68D8E /* ViuRemoteGestureRecognizer.swift */ = {isa = PBXFileReference; lastKnownFileType = sourcecode.swift; path = ViuRemoteGestureRecognizer.swift; sourceTree = "<group>"; };
		CB28A30B23FD19FD006BECF0 /* PlayerViewController.swift */ = {isa = PBXFileReference; lastKnownFileType = sourcecode.swift; path = PlayerViewController.swift; sourceTree = "<group>"; };
		CB28A30E23FD1AF1006BECF0 /* Player.swift */ = {isa = PBXFileReference; lastKnownFileType = sourcecode.swift; path = Player.swift; sourceTree = "<group>"; };
		CB28A31123FD6A60006BECF0 /* PlayerLayer.swift */ = {isa = PBXFileReference; lastKnownFileType = sourcecode.swift; path = PlayerLayer.swift; sourceTree = "<group>"; };
		CB28A31323FD6B5D006BECF0 /* PlayerView.swift */ = {isa = PBXFileReference; lastKnownFileType = sourcecode.swift; path = PlayerView.swift; sourceTree = "<group>"; };
		CB28A31523FD6C67006BECF0 /* PlayerRenderingView.swift */ = {isa = PBXFileReference; lastKnownFileType = sourcecode.swift; path = PlayerRenderingView.swift; sourceTree = "<group>"; };
		CB28A31823FE3EC1006BECF0 /* PlayerControl.swift */ = {isa = PBXFileReference; lastKnownFileType = sourcecode.swift; path = PlayerControl.swift; sourceTree = "<group>"; };
		CB28A31A23FE4DEB006BECF0 /* PlayerControlBehaviour.swift */ = {isa = PBXFileReference; lastKnownFileType = sourcecode.swift; path = PlayerControlBehaviour.swift; sourceTree = "<group>"; };
		CB3C0FB824178386007B8A85 /* ViuPanelViewController.swift */ = {isa = PBXFileReference; lastKnownFileType = sourcecode.swift; path = ViuPanelViewController.swift; sourceTree = "<group>"; };
		CB3C0FBA241784D4007B8A85 /* ViuSlideDownAnimatedTransitioner.swift */ = {isa = PBXFileReference; lastKnownFileType = sourcecode.swift; path = ViuSlideDownAnimatedTransitioner.swift; sourceTree = "<group>"; };
		CB3C0FBC24178A67007B8A85 /* ViuFocusTabbar.swift */ = {isa = PBXFileReference; lastKnownFileType = sourcecode.swift; path = ViuFocusTabbar.swift; sourceTree = "<group>"; };
		CB43ACFF233E0F4E0000A7F1 /* tvOS_demo.app */ = {isa = PBXFileReference; explicitFileType = wrapper.application; includeInIndex = 0; path = tvOS_demo.app; sourceTree = BUILT_PRODUCTS_DIR; };
		CB43AD02233E0F4E0000A7F1 /* AppDelegate.swift */ = {isa = PBXFileReference; lastKnownFileType = sourcecode.swift; path = AppDelegate.swift; sourceTree = "<group>"; };
		CB43AD04233E0F4E0000A7F1 /* ViewController.swift */ = {isa = PBXFileReference; lastKnownFileType = sourcecode.swift; path = ViewController.swift; sourceTree = "<group>"; };
		CB43AD07233E0F4E0000A7F1 /* Base */ = {isa = PBXFileReference; lastKnownFileType = file.storyboard; name = Base; path = Base.lproj/Main.storyboard; sourceTree = "<group>"; };
		CB43AD09233E0F510000A7F1 /* Assets.xcassets */ = {isa = PBXFileReference; lastKnownFileType = folder.assetcatalog; path = Assets.xcassets; sourceTree = "<group>"; };
		CB43AD0B233E0F510000A7F1 /* Info.plist */ = {isa = PBXFileReference; lastKnownFileType = text.plist.xml; path = Info.plist; sourceTree = "<group>"; };
		CB4651A5238B8B3400078AF1 /* ViuPlayerUtils.swift */ = {isa = PBXFileReference; fileEncoding = 4; lastKnownFileType = sourcecode.swift; path = ViuPlayerUtils.swift; sourceTree = "<group>"; };
		CB4651A6238B8B3400078AF1 /* ViuPlayer.swift */ = {isa = PBXFileReference; fileEncoding = 4; lastKnownFileType = sourcecode.swift; path = ViuPlayer.swift; sourceTree = "<group>"; };
		CB4651A7238B8B3400078AF1 /* ViuPlayerLoadingIndicator.swift */ = {isa = PBXFileReference; fileEncoding = 4; lastKnownFileType = sourcecode.swift; path = ViuPlayerLoadingIndicator.swift; sourceTree = "<group>"; };
		CB4651A8238B8B3400078AF1 /* ViuPlayerView.swift */ = {isa = PBXFileReference; fileEncoding = 4; lastKnownFileType = sourcecode.swift; path = ViuPlayerView.swift; sourceTree = "<group>"; };
		CB4651A9238B8B3400078AF1 /* ViuPlayer+Time.swift */ = {isa = PBXFileReference; fileEncoding = 4; lastKnownFileType = sourcecode.swift; path = "ViuPlayer+Time.swift"; sourceTree = "<group>"; };
		CB4651AB238B8B3400078AF1 /* ViuSubtitles.swift */ = {isa = PBXFileReference; fileEncoding = 4; lastKnownFileType = sourcecode.swift; path = ViuSubtitles.swift; sourceTree = "<group>"; };
		CB4651AC238B8B3400078AF1 /* ViiuPlayerError.swift */ = {isa = PBXFileReference; fileEncoding = 4; lastKnownFileType = sourcecode.swift; path = ViiuPlayerError.swift; sourceTree = "<group>"; };
		CB4651B8238BAA2B00078AF1 /* ViuPlayerSubtitlesView.swift */ = {isa = PBXFileReference; fileEncoding = 4; lastKnownFileType = sourcecode.swift; path = ViuPlayerSubtitlesView.swift; sourceTree = "<group>"; };
		CB4CE95F238FA4AD0046552E /* ViuPlayerViewController.swift */ = {isa = PBXFileReference; lastKnownFileType = sourcecode.swift; path = ViuPlayerViewController.swift; sourceTree = "<group>"; };
		CB70824023FB960F000B8C65 /* VPlayerViewController.swift */ = {isa = PBXFileReference; lastKnownFileType = sourcecode.swift; path = VPlayerViewController.swift; sourceTree = "<group>"; };
		CB70824323FB993B000B8C65 /* ViuGradientView.swift */ = {isa = PBXFileReference; lastKnownFileType = sourcecode.swift; path = ViuGradientView.swift; sourceTree = "<group>"; };
		CB70824523FB9CF3000B8C65 /* ViuProgressBar.swift */ = {isa = PBXFileReference; lastKnownFileType = sourcecode.swift; path = ViuProgressBar.swift; sourceTree = "<group>"; };
		CB70824823FBB957000B8C65 /* TouchGestureRecogniser.swift */ = {isa = PBXFileReference; fileEncoding = 4; lastKnownFileType = sourcecode.swift; path = TouchGestureRecogniser.swift; sourceTree = "<group>"; };
		CB70824A23FBB961000B8C65 /* LongPressGestureRecogniser.swift */ = {isa = PBXFileReference; fileEncoding = 4; lastKnownFileType = sourcecode.swift; path = LongPressGestureRecogniser.swift; sourceTree = "<group>"; };
		CB70825323FBE7F9000B8C65 /* RemoteActionPositionController.swift */ = {isa = PBXFileReference; fileEncoding = 4; lastKnownFileType = sourcecode.swift; path = RemoteActionPositionController.swift; sourceTree = "<group>"; };
		CB70825523FBE828000B8C65 /* PositionController.swift */ = {isa = PBXFileReference; fileEncoding = 4; lastKnownFileType = sourcecode.swift; path = PositionController.swift; sourceTree = "<group>"; };
		CBA9AB762392AD9D00093F21 /* ViuThumbnail.swift */ = {isa = PBXFileReference; lastKnownFileType = sourcecode.swift; path = ViuThumbnail.swift; sourceTree = "<group>"; };
		CBAA940623D7EC9F00F8B671 /* ViuPlayerResourceLoader.swift */ = {isa = PBXFileReference; lastKnownFileType = sourcecode.swift; path = ViuPlayerResourceLoader.swift; sourceTree = "<group>"; };
		CBAA940823D7ED6100F8B671 /* ViuPlayerResourceLoadingRequest.swift */ = {isa = PBXFileReference; lastKnownFileType = sourcecode.swift; path = ViuPlayerResourceLoadingRequest.swift; sourceTree = "<group>"; };
		CBF08595237ACF6300D685D1 /* ViuPlayerTabbarView.swift */ = {isa = PBXFileReference; lastKnownFileType = sourcecode.swift; path = ViuPlayerTabbarView.swift; sourceTree = "<group>"; };
		CBF08597237ACFB500D685D1 /* ViuPlayerTabbarModel.swift */ = {isa = PBXFileReference; lastKnownFileType = sourcecode.swift; path = ViuPlayerTabbarModel.swift; sourceTree = "<group>"; };
		CBF452AE237D5669003C70F3 /* UIColor+Extension.swift */ = {isa = PBXFileReference; fileEncoding = 4; lastKnownFileType = sourcecode.swift; path = "UIColor+Extension.swift"; sourceTree = "<group>"; };
		CBF452B0237D674F003C70F3 /* ViuPlayerTabbarConfig.swift */ = {isa = PBXFileReference; lastKnownFileType = sourcecode.swift; path = ViuPlayerTabbarConfig.swift; sourceTree = "<group>"; };
		CBF452B2237D8ED6003C70F3 /* ViuPlayerTabbarIntroductionView.swift */ = {isa = PBXFileReference; lastKnownFileType = sourcecode.swift; path = ViuPlayerTabbarIntroductionView.swift; sourceTree = "<group>"; };
		CBF452B6237E9FE4003C70F3 /* ViuCustomLabel.swift */ = {isa = PBXFileReference; lastKnownFileType = sourcecode.swift; path = ViuCustomLabel.swift; sourceTree = "<group>"; };
		CBF452B823811F76003C70F3 /* ViuPlayerTabbarSubtitleView.swift */ = {isa = PBXFileReference; lastKnownFileType = sourcecode.swift; path = ViuPlayerTabbarSubtitleView.swift; sourceTree = "<group>"; };
		CBF452BA238133F0003C70F3 /* ViuPlayerTabbarCustomView.swift */ = {isa = PBXFileReference; lastKnownFileType = sourcecode.swift; path = ViuPlayerTabbarCustomView.swift; sourceTree = "<group>"; };
		CBFB8DFD239A50F2007D1686 /* hubblecast.m4v */ = {isa = PBXFileReference; lastKnownFileType = file; path = hubblecast.m4v; sourceTree = "<group>"; };
		CBFB8DFE239A50F2007D1686 /* apple_tv_app_universal_search_part_01_sd.mp4 */ = {isa = PBXFileReference; lastKnownFileType = file; path = apple_tv_app_universal_search_part_01_sd.mp4; sourceTree = "<group>"; };
		CBFB8DFF239A50F2007D1686 /* test.srt */ = {isa = PBXFileReference; fileEncoding = 4; lastKnownFileType = text; path = test.srt; sourceTree = "<group>"; };
		CBFB8E00239A50F2007D1686 /* Despacito Remix Luis Fonsi ft.Daddy Yankee Justin Bieber Lyrics [Spanish].srt */ = {isa = PBXFileReference; fileEncoding = 4; lastKnownFileType = text; path = "Despacito Remix Luis Fonsi ft.Daddy Yankee Justin Bieber Lyrics [Spanish].srt"; sourceTree = "<group>"; };
		F2E002E323975D0B004370F6 /* ViuPlayerViewController+Gesture.swift */ = {isa = PBXFileReference; lastKnownFileType = sourcecode.swift; path = "ViuPlayerViewController+Gesture.swift"; sourceTree = "<group>"; };
		F2E002E52397B443004370F6 /* TimeInterval+Extension.swift */ = {isa = PBXFileReference; lastKnownFileType = sourcecode.swift; path = "TimeInterval+Extension.swift"; sourceTree = "<group>"; };
		F6807A08B93F6917F69A525B /* Pods-tvOS_demo.release.xcconfig */ = {isa = PBXFileReference; includeInIndex = 1; lastKnownFileType = text.xcconfig; name = "Pods-tvOS_demo.release.xcconfig"; path = "Target Support Files/Pods-tvOS_demo/Pods-tvOS_demo.release.xcconfig"; sourceTree = "<group>"; };
/* End PBXFileReference section */

/* Begin PBXFrameworksBuildPhase section */
		CB43ACFC233E0F4E0000A7F1 /* Frameworks */ = {
			isa = PBXFrameworksBuildPhase;
			buildActionMask = 2147483647;
			files = (
				01851DC59840B02F6E036996 /* Pods_tvOS_demo.framework in Frameworks */,
			);
			runOnlyForDeploymentPostprocessing = 0;
		};
/* End PBXFrameworksBuildPhase section */

/* Begin PBXGroup section */
		024C10867A6D76D5901CD02C /* Pods */ = {
			isa = PBXGroup;
			children = (
				00D7CD0CC39DF68E57E203F8 /* Pods-tvOS_demo.debug.xcconfig */,
				F6807A08B93F6917F69A525B /* Pods-tvOS_demo.release.xcconfig */,
			);
			path = Pods;
			sourceTree = "<group>";
		};
		CB1FD06C238792B200A74369 /* TabbarModels */ = {
			isa = PBXGroup;
			children = (
				CBF08597237ACFB500D685D1 /* ViuPlayerTabbarModel.swift */,
			);
			path = TabbarModels;
			sourceTree = "<group>";
		};
		CB1FD06D238792C700A74369 /* TabbarConfig */ = {
			isa = PBXGroup;
			children = (
				CBF452B6237E9FE4003C70F3 /* ViuCustomLabel.swift */,
				CBF452B0237D674F003C70F3 /* ViuPlayerTabbarConfig.swift */,
			);
			path = TabbarConfig;
			sourceTree = "<group>";
		};
		CB28A30A23FD19AE006BECF0 /* VPlayerVC */ = {
			isa = PBXGroup;
			children = (
				CB28A31723FE3EA1006BECF0 /* PlayerControl */,
				CB28A31023FD6A2C006BECF0 /* Rendering */,
				CB28A30D23FD1AC9006BECF0 /* Player */,
				CB28A30B23FD19FD006BECF0 /* PlayerViewController.swift */,
				CB28A31323FD6B5D006BECF0 /* PlayerView.swift */,
			);
			path = VPlayerVC;
			sourceTree = "<group>";
		};
		CB28A30D23FD1AC9006BECF0 /* Player */ = {
			isa = PBXGroup;
			children = (
				CB28A30E23FD1AF1006BECF0 /* Player.swift */,
			);
			path = Player;
			sourceTree = "<group>";
		};
		CB28A31023FD6A2C006BECF0 /* Rendering */ = {
			isa = PBXGroup;
			children = (
				CB28A31123FD6A60006BECF0 /* PlayerLayer.swift */,
				CB28A31523FD6C67006BECF0 /* PlayerRenderingView.swift */,
			);
			path = Rendering;
			sourceTree = "<group>";
		};
		CB28A31723FE3EA1006BECF0 /* PlayerControl */ = {
			isa = PBXGroup;
			children = (
				CB28A31823FE3EC1006BECF0 /* PlayerControl.swift */,
				CB28A31A23FE4DEB006BECF0 /* PlayerControlBehaviour.swift */,
			);
			path = PlayerControl;
			sourceTree = "<group>";
		};
		CB3C0FB724178360007B8A85 /* Panel */ = {
			isa = PBXGroup;
			children = (
				CB3C0FB824178386007B8A85 /* ViuPanelViewController.swift */,
				CB3C0FBA241784D4007B8A85 /* ViuSlideDownAnimatedTransitioner.swift */,
				CB3C0FBC24178A67007B8A85 /* ViuFocusTabbar.swift */,
			);
			path = Panel;
			sourceTree = "<group>";
		};
		CB43ACF6233E0F4E0000A7F1 = {
			isa = PBXGroup;
			children = (
				CB43AD01233E0F4E0000A7F1 /* tvOS_demo */,
				CB43AD00233E0F4E0000A7F1 /* Products */,
				024C10867A6D76D5901CD02C /* Pods */,
				D573DAD9501BB8E46A571B7E /* Frameworks */,
			);
			sourceTree = "<group>";
		};
		CB43AD00233E0F4E0000A7F1 /* Products */ = {
			isa = PBXGroup;
			children = (
				CB43ACFF233E0F4E0000A7F1 /* tvOS_demo.app */,
			);
			name = Products;
			sourceTree = "<group>";
		};
		CB43AD01233E0F4E0000A7F1 /* tvOS_demo */ = {
			isa = PBXGroup;
			children = (
				CB28A30A23FD19AE006BECF0 /* VPlayerVC */,
				CB70823F23FB95C7000B8C65 /* NewViuPlayerVC */,
				CBFB8DFC239A50F2007D1686 /* Resource */,
				CB4651A4238B8B3400078AF1 /* ViuPlayer */,
				CBF452AD237D564F003C70F3 /* Common */,
				CBF08594237ACF2E00D685D1 /* ViuPlayerTabbarView */,
				CB43AD02233E0F4E0000A7F1 /* AppDelegate.swift */,
				CB43AD04233E0F4E0000A7F1 /* ViewController.swift */,
				CB43AD06233E0F4E0000A7F1 /* Main.storyboard */,
				CB43AD09233E0F510000A7F1 /* Assets.xcassets */,
				CB43AD0B233E0F510000A7F1 /* Info.plist */,
				CB4CE95F238FA4AD0046552E /* ViuPlayerViewController.swift */,
				F2E002E323975D0B004370F6 /* ViuPlayerViewController+Gesture.swift */,
			);
			path = tvOS_demo;
			sourceTree = "<group>";
		};
		CB4651A4238B8B3400078AF1 /* ViuPlayer */ = {
			isa = PBXGroup;
			children = (
				CBAA940523D7EC4F00F8B671 /* ViuMediaCache */,
				CB4651B8238BAA2B00078AF1 /* ViuPlayerSubtitlesView.swift */,
				CB4651A5238B8B3400078AF1 /* ViuPlayerUtils.swift */,
				CB4651A6238B8B3400078AF1 /* ViuPlayer.swift */,
				CB4651A7238B8B3400078AF1 /* ViuPlayerLoadingIndicator.swift */,
				CB4651A8238B8B3400078AF1 /* ViuPlayerView.swift */,
				CB4651A9238B8B3400078AF1 /* ViuPlayer+Time.swift */,
				CB4651AB238B8B3400078AF1 /* ViuSubtitles.swift */,
				CB4651AC238B8B3400078AF1 /* ViiuPlayerError.swift */,
				CBA9AB762392AD9D00093F21 /* ViuThumbnail.swift */,
			);
			path = ViuPlayer;
			sourceTree = "<group>";
		};
		CB70823F23FB95C7000B8C65 /* NewViuPlayerVC */ = {
			isa = PBXGroup;
			children = (
				CB3C0FB724178360007B8A85 /* Panel */,
				CB70824C23FBB97D000B8C65 /* Position */,
				CB70824723FBB92E000B8C65 /* Gesture */,
				CB70824223FB990E000B8C65 /* Views */,
				CB70824023FB960F000B8C65 /* VPlayerViewController.swift */,
			);
			path = NewViuPlayerVC;
			sourceTree = "<group>";
		};
		CB70824223FB990E000B8C65 /* Views */ = {
			isa = PBXGroup;
			children = (
				CB70824323FB993B000B8C65 /* ViuGradientView.swift */,
				CB70824523FB9CF3000B8C65 /* ViuProgressBar.swift */,
			);
			path = Views;
			sourceTree = "<group>";
		};
		CB70824723FBB92E000B8C65 /* Gesture */ = {
			isa = PBXGroup;
			children = (
				CB70824A23FBB961000B8C65 /* LongPressGestureRecogniser.swift */,
				CB70824823FBB957000B8C65 /* TouchGestureRecogniser.swift */,
			);
			path = Gesture;
			sourceTree = "<group>";
		};
		CB70824C23FBB97D000B8C65 /* Position */ = {
			isa = PBXGroup;
			children = (
				CB70825523FBE828000B8C65 /* PositionController.swift */,
				CB70825323FBE7F9000B8C65 /* RemoteActionPositionController.swift */,
			);
			path = Position;
			sourceTree = "<group>";
		};
		CBAA940523D7EC4F00F8B671 /* ViuMediaCache */ = {
			isa = PBXGroup;
			children = (
				CBAA940623D7EC9F00F8B671 /* ViuPlayerResourceLoader.swift */,
				CBAA940823D7ED6100F8B671 /* ViuPlayerResourceLoadingRequest.swift */,
				CB25CF9F23E9803300770881 /* ViuPlayerResourceLoaderManager.swift */,
				CB25CF8D23E9658E00770881 /* ViuPlayerDownloader.swift */,
				CB25CF9923E9736E00770881 /* ViuPlayerDownloadActionWorker.swift */,
				CB25CF9B23E973BC00770881 /* ViuPlayerDownloadURLSessionManager.swift */,
				CB25CF8F23E970C000770881 /* ViuPlayerCacheMedia.swift */,
				CB25CF9523E9728100770881 /* ViuPlayerCacheManager.swift */,
				CB25CF9723E9732800770881 /* ViuPlayerCacheAction.swift */,
				CB25CF9D23E97E7C00770881 /* ViuPlayerCacheSession.swift */,
				CB25CF9123E9719700770881 /* ViuPlayerCacheMediaWorker.swift */,
				CB25CF9323E9722E00770881 /* ViuPlayerCacheMediaConfiguration.swift */,
			);
			path = ViuMediaCache;
			sourceTree = "<group>";
		};
		CBF08594237ACF2E00D685D1 /* ViuPlayerTabbarView */ = {
			isa = PBXGroup;
			children = (
				CB1FD06D238792C700A74369 /* TabbarConfig */,
				CB1FD06C238792B200A74369 /* TabbarModels */,
				CBF452B4237E8F96003C70F3 /* ItemViews */,
				CBF08595237ACF6300D685D1 /* ViuPlayerTabbarView.swift */,
				CB1FD06E2387968800A74369 /* ViuPlayerProgressView.swift */,
			);
			path = ViuPlayerTabbarView;
			sourceTree = "<group>";
		};
		CBF452AD237D564F003C70F3 /* Common */ = {
			isa = PBXGroup;
			children = (
				CBF452AE237D5669003C70F3 /* UIColor+Extension.swift */,
				F2E002E52397B443004370F6 /* TimeInterval+Extension.swift */,
				CB25E53A23ACBE8D00C68D8E /* ViuRemoteGestureRecognizer.swift */,
			);
			path = Common;
			sourceTree = "<group>";
		};
		CBF452B4237E8F96003C70F3 /* ItemViews */ = {
			isa = PBXGroup;
			children = (
				CBF452B2237D8ED6003C70F3 /* ViuPlayerTabbarIntroductionView.swift */,
				CBF452B823811F76003C70F3 /* ViuPlayerTabbarSubtitleView.swift */,
				CBF452BA238133F0003C70F3 /* ViuPlayerTabbarCustomView.swift */,
				CB0B7211239F411600D90461 /* ViuPlayerTabbarAudioView.swift */,
			);
			path = ItemViews;
			sourceTree = "<group>";
		};
		CBFB8DFC239A50F2007D1686 /* Resource */ = {
			isa = PBXGroup;
			children = (
				CBFB8DFD239A50F2007D1686 /* hubblecast.m4v */,
				CBFB8DFE239A50F2007D1686 /* apple_tv_app_universal_search_part_01_sd.mp4 */,
				CBFB8DFF239A50F2007D1686 /* test.srt */,
				CBFB8E00239A50F2007D1686 /* Despacito Remix Luis Fonsi ft.Daddy Yankee Justin Bieber Lyrics [Spanish].srt */,
			);
			path = Resource;
			sourceTree = "<group>";
		};
		D573DAD9501BB8E46A571B7E /* Frameworks */ = {
			isa = PBXGroup;
			children = (
				444E4028BA38B8DACFB31BAE /* Pods_tvOS_demo.framework */,
			);
			name = Frameworks;
			sourceTree = "<group>";
		};
/* End PBXGroup section */

/* Begin PBXNativeTarget section */
		CB43ACFE233E0F4E0000A7F1 /* tvOS_demo */ = {
			isa = PBXNativeTarget;
			buildConfigurationList = CB43AD0E233E0F510000A7F1 /* Build configuration list for PBXNativeTarget "tvOS_demo" */;
			buildPhases = (
				2E078AA5691B7CCC67CB79BF /* [CP] Check Pods Manifest.lock */,
				CB43ACFB233E0F4E0000A7F1 /* Sources */,
				CB43ACFC233E0F4E0000A7F1 /* Frameworks */,
				CB43ACFD233E0F4E0000A7F1 /* Resources */,
			);
			buildRules = (
			);
			dependencies = (
			);
			name = tvOS_demo;
			productName = tvOS_demo;
			productReference = CB43ACFF233E0F4E0000A7F1 /* tvOS_demo.app */;
			productType = "com.apple.product-type.application";
		};
/* End PBXNativeTarget section */

/* Begin PBXProject section */
		CB43ACF7233E0F4E0000A7F1 /* Project object */ = {
			isa = PBXProject;
			attributes = {
				LastSwiftUpdateCheck = 1020;
				LastUpgradeCheck = 1020;
				ORGANIZATIONNAME = jerry;
				TargetAttributes = {
					CB43ACFE233E0F4E0000A7F1 = {
						CreatedOnToolsVersion = 10.2.1;
					};
				};
			};
			buildConfigurationList = CB43ACFA233E0F4E0000A7F1 /* Build configuration list for PBXProject "tvOS_demo" */;
			compatibilityVersion = "Xcode 9.3";
			developmentRegion = en;
			hasScannedForEncodings = 0;
			knownRegions = (
				en,
				Base,
			);
			mainGroup = CB43ACF6233E0F4E0000A7F1;
			productRefGroup = CB43AD00233E0F4E0000A7F1 /* Products */;
			projectDirPath = "";
			projectRoot = "";
			targets = (
				CB43ACFE233E0F4E0000A7F1 /* tvOS_demo */,
			);
		};
/* End PBXProject section */

/* Begin PBXResourcesBuildPhase section */
		CB43ACFD233E0F4E0000A7F1 /* Resources */ = {
			isa = PBXResourcesBuildPhase;
			buildActionMask = 2147483647;
			files = (
				CBFB8E04239A50F2007D1686 /* Despacito Remix Luis Fonsi ft.Daddy Yankee Justin Bieber Lyrics [Spanish].srt in Resources */,
				CB43AD0A233E0F510000A7F1 /* Assets.xcassets in Resources */,
				CB43AD08233E0F4E0000A7F1 /* Main.storyboard in Resources */,
				CBFB8E03239A50F2007D1686 /* test.srt in Resources */,
				CBFB8E01239A50F2007D1686 /* hubblecast.m4v in Resources */,
				CBFB8E02239A50F2007D1686 /* apple_tv_app_universal_search_part_01_sd.mp4 in Resources */,
			);
			runOnlyForDeploymentPostprocessing = 0;
		};
/* End PBXResourcesBuildPhase section */

/* Begin PBXShellScriptBuildPhase section */
		2E078AA5691B7CCC67CB79BF /* [CP] Check Pods Manifest.lock */ = {
			isa = PBXShellScriptBuildPhase;
			buildActionMask = 2147483647;
			files = (
			);
			inputFileListPaths = (
			);
			inputPaths = (
				"${PODS_PODFILE_DIR_PATH}/Podfile.lock",
				"${PODS_ROOT}/Manifest.lock",
			);
			name = "[CP] Check Pods Manifest.lock";
			outputFileListPaths = (
			);
			outputPaths = (
				"$(DERIVED_FILE_DIR)/Pods-tvOS_demo-checkManifestLockResult.txt",
			);
			runOnlyForDeploymentPostprocessing = 0;
			shellPath = /bin/sh;
			shellScript = "diff \"${PODS_PODFILE_DIR_PATH}/Podfile.lock\" \"${PODS_ROOT}/Manifest.lock\" > /dev/null\nif [ $? != 0 ] ; then\n    # print error to STDERR\n    echo \"error: The sandbox is not in sync with the Podfile.lock. Run 'pod install' or update your CocoaPods installation.\" >&2\n    exit 1\nfi\n# This output is used by Xcode 'outputs' to avoid re-running this script phase.\necho \"SUCCESS\" > \"${SCRIPT_OUTPUT_FILE_0}\"\n";
			showEnvVarsInLog = 0;
		};
/* End PBXShellScriptBuildPhase section */

/* Begin PBXSourcesBuildPhase section */
		CB43ACFB233E0F4E0000A7F1 /* Sources */ = {
			isa = PBXSourcesBuildPhase;
			buildActionMask = 2147483647;
			files = (
				CBF452B1237D674F003C70F3 /* ViuPlayerTabbarConfig.swift in Sources */,
				CB25CF9223E9719700770881 /* ViuPlayerCacheMediaWorker.swift in Sources */,
				CBAA940923D7ED6100F8B671 /* ViuPlayerResourceLoadingRequest.swift in Sources */,
				CB28A31423FD6B5D006BECF0 /* PlayerView.swift in Sources */,
				CB4651B5238B8B3400078AF1 /* ViiuPlayerError.swift in Sources */,
				CB3C0FBD24178A67007B8A85 /* ViuFocusTabbar.swift in Sources */,
				CB28A30F23FD1AF1006BECF0 /* Player.swift in Sources */,
				CBF452B923811F76003C70F3 /* ViuPlayerTabbarSubtitleView.swift in Sources */,
				CB70824923FBB957000B8C65 /* TouchGestureRecogniser.swift in Sources */,
				CB3C0FBB241784D4007B8A85 /* ViuSlideDownAnimatedTransitioner.swift in Sources */,
				CB4651AE238B8B3400078AF1 /* ViuPlayerUtils.swift in Sources */,
				CB25CF9623E9728100770881 /* ViuPlayerCacheManager.swift in Sources */,
				CBF08598237ACFB500D685D1 /* ViuPlayerTabbarModel.swift in Sources */,
				CB70824123FB960F000B8C65 /* VPlayerViewController.swift in Sources */,
				CB43AD05233E0F4E0000A7F1 /* ViewController.swift in Sources */,
				CB4651B4238B8B3400078AF1 /* ViuSubtitles.swift in Sources */,
				CB3C0FB924178386007B8A85 /* ViuPanelViewController.swift in Sources */,
				CB4651AF238B8B3400078AF1 /* ViuPlayer.swift in Sources */,
				F2E002E423975D0B004370F6 /* ViuPlayerViewController+Gesture.swift in Sources */,
				CB28A30C23FD19FD006BECF0 /* PlayerViewController.swift in Sources */,
				F2E002E62397B443004370F6 /* TimeInterval+Extension.swift in Sources */,
				CB4651B1238B8B3400078AF1 /* ViuPlayerView.swift in Sources */,
				CB25CF9023E970C000770881 /* ViuPlayerCacheMedia.swift in Sources */,
				CB25CF9C23E973BC00770881 /* ViuPlayerDownloadURLSessionManager.swift in Sources */,
				CB28A31623FD6C67006BECF0 /* PlayerRenderingView.swift in Sources */,
				CB70824B23FBB961000B8C65 /* LongPressGestureRecogniser.swift in Sources */,
				CB43AD03233E0F4E0000A7F1 /* AppDelegate.swift in Sources */,
				CB25CF9423E9722E00770881 /* ViuPlayerCacheMediaConfiguration.swift in Sources */,
				CB1FD06F2387968800A74369 /* ViuPlayerProgressView.swift in Sources */,
				CB28A31B23FE4DEB006BECF0 /* PlayerControlBehaviour.swift in Sources */,
				CB25CF9E23E97E7C00770881 /* ViuPlayerCacheSession.swift in Sources */,
				CB70824623FB9CF3000B8C65 /* ViuProgressBar.swift in Sources */,
				CBF452B3237D8ED6003C70F3 /* ViuPlayerTabbarIntroductionView.swift in Sources */,
				CB4651B2238B8B3400078AF1 /* ViuPlayer+Time.swift in Sources */,
				CB4651B9238BAA2B00078AF1 /* ViuPlayerSubtitlesView.swift in Sources */,
				CB25CF9A23E9736E00770881 /* ViuPlayerDownloadActionWorker.swift in Sources */,
				CB70825623FBE828000B8C65 /* PositionController.swift in Sources */,
				CB25E53B23ACBE8D00C68D8E /* ViuRemoteGestureRecognizer.swift in Sources */,
				CBF08596237ACF6300D685D1 /* ViuPlayerTabbarView.swift in Sources */,
				CB70825423FBE7F9000B8C65 /* RemoteActionPositionController.swift in Sources */,
				CB70824423FB993B000B8C65 /* ViuGradientView.swift in Sources */,
				CBF452BB238133F0003C70F3 /* ViuPlayerTabbarCustomView.swift in Sources */,
				CB25CF8E23E9658E00770881 /* ViuPlayerDownloader.swift in Sources */,
				CB25CFA023E9803300770881 /* ViuPlayerResourceLoaderManager.swift in Sources */,
				CB28A31923FE3EC1006BECF0 /* PlayerControl.swift in Sources */,
				CB4CE960238FA4AD0046552E /* ViuPlayerViewController.swift in Sources */,
				CB0B7212239F411600D90461 /* ViuPlayerTabbarAudioView.swift in Sources */,
				CB28A31223FD6A60006BECF0 /* PlayerLayer.swift in Sources */,
				CBF452AF237D5669003C70F3 /* UIColor+Extension.swift in Sources */,
				CBAA940723D7EC9F00F8B671 /* ViuPlayerResourceLoader.swift in Sources */,
				CBF452B7237E9FE4003C70F3 /* ViuCustomLabel.swift in Sources */,
				CB4651B0238B8B3400078AF1 /* ViuPlayerLoadingIndicator.swift in Sources */,
				CB25CF9823E9732800770881 /* ViuPlayerCacheAction.swift in Sources */,
				CBA9AB772392AD9D00093F21 /* ViuThumbnail.swift in Sources */,
			);
			runOnlyForDeploymentPostprocessing = 0;
		};
/* End PBXSourcesBuildPhase section */

/* Begin PBXVariantGroup section */
		CB43AD06233E0F4E0000A7F1 /* Main.storyboard */ = {
			isa = PBXVariantGroup;
			children = (
				CB43AD07233E0F4E0000A7F1 /* Base */,
			);
			name = Main.storyboard;
			sourceTree = "<group>";
		};
/* End PBXVariantGroup section */

/* Begin XCBuildConfiguration section */
		CB43AD0C233E0F510000A7F1 /* Debug */ = {
			isa = XCBuildConfiguration;
			buildSettings = {
				ALWAYS_SEARCH_USER_PATHS = NO;
				CLANG_ANALYZER_NONNULL = YES;
				CLANG_ANALYZER_NUMBER_OBJECT_CONVERSION = YES_AGGRESSIVE;
				CLANG_CXX_LANGUAGE_STANDARD = "gnu++14";
				CLANG_CXX_LIBRARY = "libc++";
				CLANG_ENABLE_MODULES = YES;
				CLANG_ENABLE_OBJC_ARC = YES;
				CLANG_ENABLE_OBJC_WEAK = YES;
				CLANG_WARN_BLOCK_CAPTURE_AUTORELEASING = YES;
				CLANG_WARN_BOOL_CONVERSION = YES;
				CLANG_WARN_COMMA = YES;
				CLANG_WARN_CONSTANT_CONVERSION = YES;
				CLANG_WARN_DEPRECATED_OBJC_IMPLEMENTATIONS = YES;
				CLANG_WARN_DIRECT_OBJC_ISA_USAGE = YES_ERROR;
				CLANG_WARN_DOCUMENTATION_COMMENTS = YES;
				CLANG_WARN_EMPTY_BODY = YES;
				CLANG_WARN_ENUM_CONVERSION = YES;
				CLANG_WARN_INFINITE_RECURSION = YES;
				CLANG_WARN_INT_CONVERSION = YES;
				CLANG_WARN_NON_LITERAL_NULL_CONVERSION = YES;
				CLANG_WARN_OBJC_IMPLICIT_RETAIN_SELF = YES;
				CLANG_WARN_OBJC_LITERAL_CONVERSION = YES;
				CLANG_WARN_OBJC_ROOT_CLASS = YES_ERROR;
				CLANG_WARN_RANGE_LOOP_ANALYSIS = YES;
				CLANG_WARN_STRICT_PROTOTYPES = YES;
				CLANG_WARN_SUSPICIOUS_MOVE = YES;
				CLANG_WARN_UNGUARDED_AVAILABILITY = YES_AGGRESSIVE;
				CLANG_WARN_UNREACHABLE_CODE = YES;
				CLANG_WARN__DUPLICATE_METHOD_MATCH = YES;
				COPY_PHASE_STRIP = NO;
				DEBUG_INFORMATION_FORMAT = dwarf;
				ENABLE_STRICT_OBJC_MSGSEND = YES;
				ENABLE_TESTABILITY = YES;
				GCC_C_LANGUAGE_STANDARD = gnu11;
				GCC_DYNAMIC_NO_PIC = NO;
				GCC_NO_COMMON_BLOCKS = YES;
				GCC_OPTIMIZATION_LEVEL = 0;
				GCC_PREPROCESSOR_DEFINITIONS = (
					"DEBUG=1",
					"$(inherited)",
				);
				GCC_WARN_64_TO_32_BIT_CONVERSION = YES;
				GCC_WARN_ABOUT_RETURN_TYPE = YES_ERROR;
				GCC_WARN_UNDECLARED_SELECTOR = YES;
				GCC_WARN_UNINITIALIZED_AUTOS = YES_AGGRESSIVE;
				GCC_WARN_UNUSED_FUNCTION = YES;
				GCC_WARN_UNUSED_VARIABLE = YES;
				MTL_ENABLE_DEBUG_INFO = INCLUDE_SOURCE;
				MTL_FAST_MATH = YES;
				ONLY_ACTIVE_ARCH = YES;
				SDKROOT = appletvos;
				SWIFT_ACTIVE_COMPILATION_CONDITIONS = DEBUG;
				SWIFT_OPTIMIZATION_LEVEL = "-Onone";
				TVOS_DEPLOYMENT_TARGET = 12.2;
			};
			name = Debug;
		};
		CB43AD0D233E0F510000A7F1 /* Release */ = {
			isa = XCBuildConfiguration;
			buildSettings = {
				ALWAYS_SEARCH_USER_PATHS = NO;
				CLANG_ANALYZER_NONNULL = YES;
				CLANG_ANALYZER_NUMBER_OBJECT_CONVERSION = YES_AGGRESSIVE;
				CLANG_CXX_LANGUAGE_STANDARD = "gnu++14";
				CLANG_CXX_LIBRARY = "libc++";
				CLANG_ENABLE_MODULES = YES;
				CLANG_ENABLE_OBJC_ARC = YES;
				CLANG_ENABLE_OBJC_WEAK = YES;
				CLANG_WARN_BLOCK_CAPTURE_AUTORELEASING = YES;
				CLANG_WARN_BOOL_CONVERSION = YES;
				CLANG_WARN_COMMA = YES;
				CLANG_WARN_CONSTANT_CONVERSION = YES;
				CLANG_WARN_DEPRECATED_OBJC_IMPLEMENTATIONS = YES;
				CLANG_WARN_DIRECT_OBJC_ISA_USAGE = YES_ERROR;
				CLANG_WARN_DOCUMENTATION_COMMENTS = YES;
				CLANG_WARN_EMPTY_BODY = YES;
				CLANG_WARN_ENUM_CONVERSION = YES;
				CLANG_WARN_INFINITE_RECURSION = YES;
				CLANG_WARN_INT_CONVERSION = YES;
				CLANG_WARN_NON_LITERAL_NULL_CONVERSION = YES;
				CLANG_WARN_OBJC_IMPLICIT_RETAIN_SELF = YES;
				CLANG_WARN_OBJC_LITERAL_CONVERSION = YES;
				CLANG_WARN_OBJC_ROOT_CLASS = YES_ERROR;
				CLANG_WARN_RANGE_LOOP_ANALYSIS = YES;
				CLANG_WARN_STRICT_PROTOTYPES = YES;
				CLANG_WARN_SUSPICIOUS_MOVE = YES;
				CLANG_WARN_UNGUARDED_AVAILABILITY = YES_AGGRESSIVE;
				CLANG_WARN_UNREACHABLE_CODE = YES;
				CLANG_WARN__DUPLICATE_METHOD_MATCH = YES;
				COPY_PHASE_STRIP = NO;
				DEBUG_INFORMATION_FORMAT = "dwarf-with-dsym";
				ENABLE_NS_ASSERTIONS = NO;
				ENABLE_STRICT_OBJC_MSGSEND = YES;
				GCC_C_LANGUAGE_STANDARD = gnu11;
				GCC_NO_COMMON_BLOCKS = YES;
				GCC_WARN_64_TO_32_BIT_CONVERSION = YES;
				GCC_WARN_ABOUT_RETURN_TYPE = YES_ERROR;
				GCC_WARN_UNDECLARED_SELECTOR = YES;
				GCC_WARN_UNINITIALIZED_AUTOS = YES_AGGRESSIVE;
				GCC_WARN_UNUSED_FUNCTION = YES;
				GCC_WARN_UNUSED_VARIABLE = YES;
				MTL_ENABLE_DEBUG_INFO = NO;
				MTL_FAST_MATH = YES;
				SDKROOT = appletvos;
				SWIFT_COMPILATION_MODE = wholemodule;
				SWIFT_OPTIMIZATION_LEVEL = "-O";
				TVOS_DEPLOYMENT_TARGET = 12.2;
				VALIDATE_PRODUCT = YES;
			};
			name = Release;
		};
		CB43AD0F233E0F510000A7F1 /* Debug */ = {
			isa = XCBuildConfiguration;
			baseConfigurationReference = 00D7CD0CC39DF68E57E203F8 /* Pods-tvOS_demo.debug.xcconfig */;
			buildSettings = {
				ASSETCATALOG_COMPILER_APPICON_NAME = "App Icon & Top Shelf Image";
				ASSETCATALOG_COMPILER_LAUNCHIMAGE_NAME = LaunchImage;
				CODE_SIGN_STYLE = Automatic;
				DEVELOPMENT_TEAM = APX8Q4X7RU;
				INFOPLIST_FILE = tvOS_demo/Info.plist;
				LD_RUNPATH_SEARCH_PATHS = (
					"$(inherited)",
					"@executable_path/Frameworks",
				);
				PRODUCT_BUNDLE_IDENTIFIER = com.jerry.tvOS;
				PRODUCT_NAME = "$(TARGET_NAME)";
				SWIFT_VERSION = 5.0;
				TARGETED_DEVICE_FAMILY = 3;
				TVOS_DEPLOYMENT_TARGET = 11.0;
			};
			name = Debug;
		};
		CB43AD10233E0F510000A7F1 /* Release */ = {
			isa = XCBuildConfiguration;
			baseConfigurationReference = F6807A08B93F6917F69A525B /* Pods-tvOS_demo.release.xcconfig */;
			buildSettings = {
				ASSETCATALOG_COMPILER_APPICON_NAME = "App Icon & Top Shelf Image";
				ASSETCATALOG_COMPILER_LAUNCHIMAGE_NAME = LaunchImage;
				CODE_SIGN_STYLE = Automatic;
				DEVELOPMENT_TEAM = APX8Q4X7RU;
				INFOPLIST_FILE = tvOS_demo/Info.plist;
				LD_RUNPATH_SEARCH_PATHS = (
					"$(inherited)",
					"@executable_path/Frameworks",
				);
				PRODUCT_BUNDLE_IDENTIFIER = com.jerry.tvOS;
				PRODUCT_NAME = "$(TARGET_NAME)";
				SWIFT_VERSION = 5.0;
				TARGETED_DEVICE_FAMILY = 3;
				TVOS_DEPLOYMENT_TARGET = 11.0;
			};
			name = Release;
		};
/* End XCBuildConfiguration section */

/* Begin XCConfigurationList section */
		CB43ACFA233E0F4E0000A7F1 /* Build configuration list for PBXProject "tvOS_demo" */ = {
			isa = XCConfigurationList;
			buildConfigurations = (
				CB43AD0C233E0F510000A7F1 /* Debug */,
				CB43AD0D233E0F510000A7F1 /* Release */,
			);
			defaultConfigurationIsVisible = 0;
			defaultConfigurationName = Release;
		};
		CB43AD0E233E0F510000A7F1 /* Build configuration list for PBXNativeTarget "tvOS_demo" */ = {
			isa = XCConfigurationList;
			buildConfigurations = (
				CB43AD0F233E0F510000A7F1 /* Debug */,
				CB43AD10233E0F510000A7F1 /* Release */,
			);
			defaultConfigurationIsVisible = 0;
			defaultConfigurationName = Release;
		};
/* End XCConfigurationList section */
	};
	rootObject = CB43ACF7233E0F4E0000A7F1 /* Project object */;
}
